
Microsoft Visual Studio Solution File, Format Version 12.00
# Visual Studio Version 17
VisualStudioVersion = 17.2.32526.322
MinimumVisualStudioVersion = 10.0.40219.1
Project("{F184B08F-C81C-45F6-A57F-5ABD9991F28F}") = "contacttracingviewervb", "contacttracingviewervb\contacttracingviewervb.vbproj", "{B12CC448-7B94-44F1-BD28-9C4C41D30FFA}"
EndProject
Global
	GlobalSection(SolutionConfigurationPlatforms) = preSolution
		Debug|Any CPU = Debug|Any CPU
		Release|Any CPU = Release|Any CPU
	EndGlobalSection
	GlobalSection(ProjectConfigurationPlatforms) = postSolution
		{B12CC448-7B94-44F1-BD28-9C4C41D30FFA}.Debug|Any CPU.ActiveCfg = Debug|Any CPU
		{B12CC448-7B94-44F1-BD28-9C4C41D30FFA}.Debug|Any CPU.Build.0 = Debug|Any CPU
		{B12CC448-7B94-44F1-BD28-9C4C41D30FFA}.Release|Any CPU.ActiveCfg = Release|Any CPU
		{B12CC448-7B94-44F1-BD28-9C4C41D30FFA}.Release|Any CPU.Build.0 = Release|Any CPU
	EndGlobalSection
	GlobalSection(SolutionProperties) = preSolution
		HideSolutionNode = FALSE
	EndGlobalSection
	GlobalSection(ExtensibilityGlobals) = postSolution
		SolutionGuid = {D6608E6F-303A-473D-8C95-230A9D242655}
	EndGlobalSection
EndGlobal
